
Microsoft Visual Studio Solution File, Format Version 12.00
# Visual Studio Version 16
VisualStudioVersion = 16.0.29806.167
MinimumVisualStudioVersion = 10.0.40219.1
Project("{9A19103F-16F7-4668-BE54-9A1E7A4F7556}") = "PlagiarismCheckingSystem", "PlagiarismCheckingSystem\PlagiarismCheckingSystem.csproj", "{0E54EEC5-8025-40DD-A935-F67FAF323E1C}"
EndProject
Project("{FAE04EC0-301F-11D3-BF4B-00C04F79EFBC}") = "XUnitTesting", "XUnitTesting\XUnitTesting.csproj", "{743C897E-6705-4696-B13E-1F29D03CD77C}"
EndProject
Project("{FAE04EC0-301F-11D3-BF4B-00C04F79EFBC}") = "XUnitRazorPageTesting", "XUnitRazorPageTesting\XUnitRazorPageTesting.csproj", "{3F452E2B-E9F1-497E-B758-412929880841}"
EndProject
Global
	GlobalSection(SolutionConfigurationPlatforms) = preSolution
		Debug|Any CPU = Debug|Any CPU
		Release|Any CPU = Release|Any CPU
	EndGlobalSection
	GlobalSection(ProjectConfigurationPlatforms) = postSolution
		{0E54EEC5-8025-40DD-A935-F67FAF323E1C}.Debug|Any CPU.ActiveCfg = Debug|Any CPU
		{0E54EEC5-8025-40DD-A935-F67FAF323E1C}.Debug|Any CPU.Build.0 = Debug|Any CPU
		{0E54EEC5-8025-40DD-A935-F67FAF323E1C}.Release|Any CPU.ActiveCfg = Release|Any CPU
		{0E54EEC5-8025-40DD-A935-F67FAF323E1C}.Release|Any CPU.Build.0 = Release|Any CPU
		{743C897E-6705-4696-B13E-1F29D03CD77C}.Debug|Any CPU.ActiveCfg = Debug|Any CPU
		{743C897E-6705-4696-B13E-1F29D03CD77C}.Debug|Any CPU.Build.0 = Debug|Any CPU
		{743C897E-6705-4696-B13E-1F29D03CD77C}.Release|Any CPU.ActiveCfg = Release|Any CPU
		{743C897E-6705-4696-B13E-1F29D03CD77C}.Release|Any CPU.Build.0 = Release|Any CPU
		{3F452E2B-E9F1-497E-B758-412929880841}.Debug|Any CPU.ActiveCfg = Debug|Any CPU
		{3F452E2B-E9F1-497E-B758-412929880841}.Debug|Any CPU.Build.0 = Debug|Any CPU
		{3F452E2B-E9F1-497E-B758-412929880841}.Release|Any CPU.ActiveCfg = Release|Any CPU
		{3F452E2B-E9F1-497E-B758-412929880841}.Release|Any CPU.Build.0 = Release|Any CPU
	EndGlobalSection
	GlobalSection(SolutionProperties) = preSolution
		HideSolutionNode = FALSE
	EndGlobalSection
	GlobalSection(ExtensibilityGlobals) = postSolution
		SolutionGuid = {A474F884-0D0F-43A9-A4B0-B88BA8A2A778}
	EndGlobalSection
EndGlobal
